<?xml version="1.0" encoding="UTF-8" standalone="yes" ?>
<CodeBlocks_project_file>
	<FileVersion major="1" minor="6" />
	<Project>
		<Option title="HTTP" />
		<Option pch_mode="2" />
		<Option compiler="gcc" />
		<Build>
			<Target title="Debug">
				<Option output="bin/Debug/HTTP" prefix_auto="1" extension_auto="1" />
				<Option object_output="obj/Debug/" />
				<Option type="1" />
				<Option compiler="gcc" />
				<Compiler>
					<Add option="-g" />
				</Compiler>
			</Target>
			<Target title="Release">
				<Option output="bin/Release/HTTP" prefix_auto="1" extension_auto="1" />
				<Option object_output="obj/Release/" />
				<Option type="1" />
				<Option compiler="gcc" />
				<Compiler>
					<Add option="-O2" />
				</Compiler>
				<Linker>
					<Add option="-s" />
				</Linker>
			</Target>
		</Build>
		<Compiler>
			<Add option="-Wall" />
			<Add option="-fexceptions" />
		</Compiler>
		<Unit filename="cli.cpp" />
		<Unit filename="cli.h" />
		<Unit filename="httpcli.cpp" />
		<Unit filename="httpcli.h" />
		<Unit filename="httptcpclient.cpp" />
		<Unit filename="httptcpclient.h" />
		<Unit filename="main.cpp" />
		<Unit filename="socket.cpp" />
		<Unit filename="socket.h" />
		<Unit filename="tcpclient.cpp" />
		<Unit filename="tcpclient.h" />
		<Unit filename="tcpsocket.cpp" />
		<Unit filename="tcpsocket.h" />
		<Extensions>
			<code_completion />
			<envvars />
			<debugger />
		</Extensions>
	</Project>
</CodeBlocks_project_file>
